
Microsoft Visual Studio Solution File, Format Version 12.00
# Visual Studio Version 16
VisualStudioVersion = 16.0.30225.117
MinimumVisualStudioVersion = 10.0.40219.1
Project("{FAE04EC0-301F-11D3-BF4B-00C04F79EFBC}") = "PolygonConsoleApp", "PolygonConsoleApp.csproj", "{C77820C5-6AC0-432D-8911-2AF1681BFF8D}"
EndProject
Global
	GlobalSection(SolutionConfigurationPlatforms) = preSolution
		Debug|Any CPU = Debug|Any CPU
		Release|Any CPU = Release|Any CPU
	EndGlobalSection
	GlobalSection(ProjectConfigurationPlatforms) = postSolution
		{C77820C5-6AC0-432D-8911-2AF1681BFF8D}.Debug|Any CPU.ActiveCfg = Debug|Any CPU
		{C77820C5-6AC0-432D-8911-2AF1681BFF8D}.Debug|Any CPU.Build.0 = Debug|Any CPU
		{C77820C5-6AC0-432D-8911-2AF1681BFF8D}.Release|Any CPU.ActiveCfg = Release|Any CPU
		{C77820C5-6AC0-432D-8911-2AF1681BFF8D}.Release|Any CPU.Build.0 = Release|Any CPU
	EndGlobalSection
	GlobalSection(SolutionProperties) = preSolution
		HideSolutionNode = FALSE
	EndGlobalSection
	GlobalSection(ExtensibilityGlobals) = postSolution
		SolutionGuid = {0EC38426-AF0E-4933-AF0D-F6FB82566D75}
	EndGlobalSection
EndGlobal
